
Microsoft Visual Studio Solution File, Format Version 12.00
# Visual Studio Version 17
VisualStudioVersion = 17.5.33414.496
MinimumVisualStudioVersion = 10.0.40219.1
Project("{FAE04EC0-301F-11D3-BF4B-00C04F79EFBC}") = "StoryManager", "StoryManager.csproj", "{BF581157-C9F2-4F39-8E22-939DFAEEF038}"
EndProject
Global
	GlobalSection(SolutionConfigurationPlatforms) = preSolution
		Debug|Any CPU = Debug|Any CPU
		Release|Any CPU = Release|Any CPU
	EndGlobalSection
	GlobalSection(ProjectConfigurationPlatforms) = postSolution
		{BF581157-C9F2-4F39-8E22-939DFAEEF038}.Debug|Any CPU.ActiveCfg = Debug|Any CPU
		{BF581157-C9F2-4F39-8E22-939DFAEEF038}.Debug|Any CPU.Build.0 = Debug|Any CPU
		{BF581157-C9F2-4F39-8E22-939DFAEEF038}.Release|Any CPU.ActiveCfg = Release|Any CPU
		{BF581157-C9F2-4F39-8E22-939DFAEEF038}.Release|Any CPU.Build.0 = Release|Any CPU
	EndGlobalSection
	GlobalSection(SolutionProperties) = preSolution
		HideSolutionNode = FALSE
	EndGlobalSection
	GlobalSection(ExtensibilityGlobals) = postSolution
		SolutionGuid = {C2B9151D-21A2-4E11-B00E-69F4B3B0D907}
	EndGlobalSection
EndGlobal
